{
  "version": "3",
  "packages": {
    "specifiers": {
      "jsr:@db/sqlite@^0.11.1": "jsr:@db/sqlite@0.11.1",
      "jsr:@denosaurs/plug@1": "jsr:@denosaurs/plug@1.0.6",
      "jsr:@oak/commons@0.11": "jsr:@oak/commons@0.11.0",
      "jsr:@oak/oak@^16.1.0": "jsr:@oak/oak@16.1.0",
      "jsr:@std/assert@0.223": "jsr:@std/assert@0.223.0",
      "jsr:@std/assert@0.226": "jsr:@std/assert@0.226.0",
      "jsr:@std/assert@^0.217.0": "jsr:@std/assert@0.217.0",
      "jsr:@std/assert@^0.221.0": "jsr:@std/assert@0.221.0",
      "jsr:@std/assert@^0.223.0": "jsr:@std/assert@0.223.0",
      "jsr:@std/assert@^0.224.0": "jsr:@std/assert@0.224.0",
      "jsr:@std/async@^0.224.2": "jsr:@std/async@0.224.2",
      "jsr:@std/bytes@0.223": "jsr:@std/bytes@0.223.0",
      "jsr:@std/bytes@0.224": "jsr:@std/bytes@0.224.0",
      "jsr:@std/bytes@^0.223.0": "jsr:@std/bytes@0.223.0",
      "jsr:@std/crypto@0.223": "jsr:@std/crypto@0.223.0",
      "jsr:@std/crypto@0.224": "jsr:@std/crypto@0.224.0",
      "jsr:@std/encoding@1.0.0-rc.2": "jsr:@std/encoding@1.0.0-rc.2",
      "jsr:@std/encoding@^0.221.0": "jsr:@std/encoding@0.221.0",
      "jsr:@std/encoding@^0.223.0": "jsr:@std/encoding@0.223.0",
      "jsr:@std/fmt@^0.221.0": "jsr:@std/fmt@0.221.0",
      "jsr:@std/fs@^0.221.0": "jsr:@std/fs@0.221.0",
      "jsr:@std/http@0.223": "jsr:@std/http@0.223.0",
      "jsr:@std/http@0.224": "jsr:@std/http@0.224.4",
      "jsr:@std/io@0.223": "jsr:@std/io@0.223.0",
      "jsr:@std/media-types@0.223": "jsr:@std/media-types@0.223.0",
      "jsr:@std/media-types@0.224": "jsr:@std/media-types@0.224.1",
      "jsr:@std/path@0.217": "jsr:@std/path@0.217.0",
      "jsr:@std/path@0.223": "jsr:@std/path@0.223.0",
      "jsr:@std/path@^0.221.0": "jsr:@std/path@0.221.0",
      "npm:@types/node": "npm:@types/node@18.16.19",
      "npm:path-to-regexp@6.2.1": "npm:path-to-regexp@6.2.1"
    },
    "jsr": {
      "@db/sqlite@0.11.1": {
        "integrity": "546434e7ed762db07e6ade0f963540dd5e06723b802937bf260ff855b21ef9c5",
        "dependencies": [
          "jsr:@denosaurs/plug@1",
          "jsr:@std/path@0.217"
        ]
      },
      "@denosaurs/plug@1.0.6": {
        "integrity": "6cf5b9daba7799837b9ffbe89f3450510f588fafef8115ddab1ff0be9cb7c1a7",
        "dependencies": [
          "jsr:@std/encoding@^0.221.0",
          "jsr:@std/fmt@^0.221.0",
          "jsr:@std/fs@^0.221.0",
          "jsr:@std/path@^0.221.0"
        ]
      },
      "@oak/commons@0.11.0": {
        "integrity": "07702bfe5c07cd8144c422022994da1f9fea466b185824f4be63a2b1b1a65125",
        "dependencies": [
          "jsr:@std/assert@0.226",
          "jsr:@std/bytes@0.224",
          "jsr:@std/crypto@0.224",
          "jsr:@std/http@0.224",
          "jsr:@std/media-types@0.224"
        ]
      },
      "@oak/oak@16.1.0": {
        "integrity": "ab21506555fffeb08dc8f45ff5d28607e8087949ff58bd2964b27df65994480b",
        "dependencies": [
          "jsr:@oak/commons@0.11",
          "jsr:@std/assert@0.223",
          "jsr:@std/bytes@0.223",
          "jsr:@std/crypto@0.223",
          "jsr:@std/http@0.223",
          "jsr:@std/io@0.223",
          "jsr:@std/media-types@0.223",
          "jsr:@std/path@0.223",
          "npm:path-to-regexp@6.2.1"
        ]
      },
      "@std/assert@0.217.0": {
        "integrity": "c98e279362ca6982d5285c3b89517b757c1e3477ee9f14eb2fdf80a45aaa9642"
      },
      "@std/assert@0.221.0": {
        "integrity": "a5f1aa6e7909dbea271754fd4ab3f4e687aeff4873b4cef9a320af813adb489a"
      },
      "@std/assert@0.223.0": {
        "integrity": "eb8d6d879d76e1cc431205bd346ed4d88dc051c6366365b1af47034b0670be24"
      },
      "@std/assert@0.224.0": {
        "integrity": "8643233ec7aec38a940a8264a6e3eed9bfa44e7a71cc6b3c8874213ff401967f"
      },
      "@std/assert@0.226.0": {
        "integrity": "0dfb5f7c7723c18cec118e080fec76ce15b4c31154b15ad2bd74822603ef75b3"
      },
      "@std/async@0.224.2": {
        "integrity": "4d277d6e165df43d5e061ba0ef3edfddb8e8d558f5b920e3e6b1d2614b44d074"
      },
      "@std/bytes@0.223.0": {
        "integrity": "84b75052cd8680942c397c2631318772b295019098f40aac5c36cead4cba51a8"
      },
      "@std/bytes@0.224.0": {
        "integrity": "a2250e1d0eb7d1c5a426f21267ab9bdeac2447fa87a3d0d1a467d3f7a6058e49"
      },
      "@std/crypto@0.223.0": {
        "integrity": "1aa9555ff56b09e197ad988ea200f84bc6781fd4fd83f3a156ee44449af93000",
        "dependencies": [
          "jsr:@std/assert@^0.223.0",
          "jsr:@std/encoding@^0.223.0"
        ]
      },
      "@std/crypto@0.224.0": {
        "integrity": "154ef3ff08ef535562ef1a718718c5b2c5fc3808f0f9100daad69e829bfcdf2d",
        "dependencies": [
          "jsr:@std/assert@^0.224.0"
        ]
      },
      "@std/encoding@0.221.0": {
        "integrity": "d1dd76ef0dc5d14088411e6dc1dede53bf8308c95d1537df1214c97137208e45"
      },
      "@std/encoding@0.223.0": {
        "integrity": "2b5615a75e00337ce113f34cf2f9b8c18182c751a8dcc8b1a2c2fc0e117bef00"
      },
      "@std/encoding@1.0.0-rc.2": {
        "integrity": "160d7674a20ebfbccdf610b3801fee91cf6e42d1c106dd46bbaf46e395cd35ef"
      },
      "@std/fmt@0.221.0": {
        "integrity": "379fed69bdd9731110f26b9085aeb740606b20428ce6af31ef6bd45ef8efa62a"
      },
      "@std/fs@0.221.0": {
        "integrity": "028044450299de8ed5a716ade4e6d524399f035513b85913794f4e81f07da286",
        "dependencies": [
          "jsr:@std/assert@^0.221.0",
          "jsr:@std/path@^0.221.0"
        ]
      },
      "@std/http@0.223.0": {
        "integrity": "15ab8a0c5a7e9d5be017a15b01600f20f66602ceec48b378939fa24fcec522aa",
        "dependencies": [
          "jsr:@std/assert@^0.223.0",
          "jsr:@std/encoding@^0.223.0"
        ]
      },
      "@std/http@0.224.4": {
        "integrity": "7bcae028e408ab65d6802805ee9a807766c9d20a2959de576126e2f25c17ec04",
        "dependencies": [
          "jsr:@std/encoding@1.0.0-rc.2"
        ]
      },
      "@std/io@0.223.0": {
        "integrity": "2d8c3c2ab3a515619b90da2c6ff5ea7b75a94383259ef4d02116b228393f84f1",
        "dependencies": [
          "jsr:@std/bytes@^0.223.0"
        ]
      },
      "@std/media-types@0.223.0": {
        "integrity": "84684680c2eb6bc6d9369c6d6f26a49decaf2c7603ff531862dda575d9d6776e"
      },
      "@std/media-types@0.224.1": {
        "integrity": "9e69a5daed37c5b5c6d3ce4731dc191f80e67f79bed392b0957d1d03b87f11e1"
      },
      "@std/path@0.217.0": {
        "integrity": "1217cc25534bca9a2f672d7fe7c6f356e4027df400c0e85c0ef3e4343bc67d11",
        "dependencies": [
          "jsr:@std/assert@^0.217.0"
        ]
      },
      "@std/path@0.221.0": {
        "integrity": "0a36f6b17314ef653a3a1649740cc8db51b25a133ecfe838f20b79a56ebe0095",
        "dependencies": [
          "jsr:@std/assert@^0.221.0"
        ]
      },
      "@std/path@0.223.0": {
        "integrity": "593963402d7e6597f5a6e620931661053572c982fc014000459edc1f93cc3989",
        "dependencies": [
          "jsr:@std/assert@^0.223.0"
        ]
      }
    },
    "npm": {
      "@types/node@18.16.19": {
        "integrity": "sha512-IXl7o+R9iti9eBW4Wg2hx1xQDig183jj7YLn8F7udNceyfkbn1ZxmzZXuak20gR40D7pIkIY1kYGx5VIGbaHKA==",
        "dependencies": {}
      },
      "path-to-regexp@6.2.1": {
        "integrity": "sha512-JLyh7xT1kizaEvcaXOQwOc2/Yhw6KZOvPf1S8401UyLk86CU79LN3vl7ztXGm/pZ+YjoyAJ4rxmHwbkBXJX+yw==",
        "dependencies": {}
      }
    }
  },
  "remote": {
    "https://deno.land/std@0.208.0/assert/_constants.ts": "8a9da298c26750b28b326b297316cdde860bc237533b07e1337c021379e6b2a9",
    "https://deno.land/std@0.208.0/assert/_diff.ts": "58e1461cc61d8eb1eacbf2a010932bf6a05b79344b02ca38095f9b805795dc48",
    "https://deno.land/std@0.208.0/assert/_format.ts": "a69126e8a469009adf4cf2a50af889aca364c349797e63174884a52ff75cf4c7",
    "https://deno.land/std@0.208.0/assert/assert.ts": "9a97dad6d98c238938e7540736b826440ad8c1c1e54430ca4c4e623e585607ee",
    "https://deno.land/std@0.208.0/assert/assert_almost_equals.ts": "e15ca1f34d0d5e0afae63b3f5d975cbd18335a132e42b0c747d282f62ad2cd6c",
    "https://deno.land/std@0.208.0/assert/assert_array_includes.ts": "6856d7f2c3544bc6e62fb4646dfefa3d1df5ff14744d1bca19f0cbaf3b0d66c9",
    "https://deno.land/std@0.208.0/assert/assert_equals.ts": "d8ec8a22447fbaf2fc9d7c3ed2e66790fdb74beae3e482855d75782218d68227",
    "https://deno.land/std@0.208.0/assert/assert_exists.ts": "407cb6b9fb23a835cd8d5ad804e2e2edbbbf3870e322d53f79e1c7a512e2efd7",
    "https://deno.land/std@0.208.0/assert/assert_false.ts": "0ccbcaae910f52c857192ff16ea08bda40fdc79de80846c206bfc061e8c851c6",
    "https://deno.land/std@0.208.0/assert/assert_greater.ts": "ae2158a2d19313bf675bf7251d31c6dc52973edb12ac64ac8fc7064152af3e63",
    "https://deno.land/std@0.208.0/assert/assert_greater_or_equal.ts": "1439da5ebbe20855446cac50097ac78b9742abe8e9a43e7de1ce1426d556e89c",
    "https://deno.land/std@0.208.0/assert/assert_instance_of.ts": "3aedb3d8186e120812d2b3a5dea66a6e42bf8c57a8bd927645770bd21eea554c",
    "https://deno.land/std@0.208.0/assert/assert_is_error.ts": "c21113094a51a296ffaf036767d616a78a2ae5f9f7bbd464cd0197476498b94b",
    "https://deno.land/std@0.208.0/assert/assert_less.ts": "aec695db57db42ec3e2b62e97e1e93db0063f5a6ec133326cc290ff4b71b47e4",
    "https://deno.land/std@0.208.0/assert/assert_less_or_equal.ts": "5fa8b6a3ffa20fd0a05032fe7257bf985d207b85685fdbcd23651b70f928c848",
    "https://deno.land/std@0.208.0/assert/assert_match.ts": "c4083f80600bc190309903c95e397a7c9257ff8b5ae5c7ef91e834704e672e9b",
    "https://deno.land/std@0.208.0/assert/assert_not_equals.ts": "9f1acab95bd1f5fc9a1b17b8027d894509a745d91bac1718fdab51dc76831754",
    "https://deno.land/std@0.208.0/assert/assert_not_instance_of.ts": "0c14d3dfd9ab7a5276ed8ed0b18c703d79a3d106102077ec437bfe7ed912bd22",
    "https://deno.land/std@0.208.0/assert/assert_not_match.ts": "3796a5b0c57a1ce6c1c57883dd4286be13a26f715ea662318ab43a8491a13ab0",
    "https://deno.land/std@0.208.0/assert/assert_not_strict_equals.ts": "4cdef83df17488df555c8aac1f7f5ec2b84ad161b6d0645ccdbcc17654e80c99",
    "https://deno.land/std@0.208.0/assert/assert_object_match.ts": "d8fc2867cfd92eeacf9cea621e10336b666de1874a6767b5ec48988838370b54",
    "https://deno.land/std@0.208.0/assert/assert_rejects.ts": "45c59724de2701e3b1f67c391d6c71c392363635aad3f68a1b3408f9efca0057",
    "https://deno.land/std@0.208.0/assert/assert_strict_equals.ts": "b1f538a7ea5f8348aeca261d4f9ca603127c665e0f2bbfeb91fa272787c87265",
    "https://deno.land/std@0.208.0/assert/assert_string_includes.ts": "b821d39ebf5cb0200a348863c86d8c4c4b398e02012ce74ad15666fc4b631b0c",
    "https://deno.land/std@0.208.0/assert/assert_throws.ts": "63784e951475cb7bdfd59878cd25a0931e18f6dc32a6077c454b2cd94f4f4bcd",
    "https://deno.land/std@0.208.0/assert/assertion_error.ts": "4d0bde9b374dfbcbe8ac23f54f567b77024fb67dbb1906a852d67fe050d42f56",
    "https://deno.land/std@0.208.0/assert/equal.ts": "9f1a46d5993966d2596c44e5858eec821859b45f783a5ee2f7a695dfc12d8ece",
    "https://deno.land/std@0.208.0/assert/fail.ts": "c36353d7ae6e1f7933d45f8ea51e358c8c4b67d7e7502028598fe1fea062e278",
    "https://deno.land/std@0.208.0/assert/mod.ts": "37c49a26aae2b254bbe25723434dc28cd7532e444cf0b481a97c045d110ec085",
    "https://deno.land/std@0.208.0/assert/unimplemented.ts": "d56fbeecb1f108331a380f72e3e010a1f161baa6956fd0f7cf3e095ae1a4c75a",
    "https://deno.land/std@0.208.0/assert/unreachable.ts": "4600dc0baf7d9c15a7f7d234f00c23bca8f3eba8b140286aaca7aa998cf9a536",
    "https://deno.land/std@0.208.0/fmt/colors.ts": "34b3f77432925eb72cf0bfb351616949746768620b8e5ead66da532f93d10ba2",
    "https://deno.land/std@0.221.0/assert/assert.ts": "bec068b2fccdd434c138a555b19a2c2393b71dfaada02b7d568a01541e67cdc5",
    "https://deno.land/std@0.221.0/assert/assertion_error.ts": "9f689a101ee586c4ce92f52fa7ddd362e86434ffdf1f848e45987dc7689976b8",
    "https://deno.land/std@0.221.0/encoding/_util.ts": "beacef316c1255da9bc8e95afb1fa56ed69baef919c88dc06ae6cb7a6103d376",
    "https://deno.land/std@0.221.0/encoding/base64.ts": "8ccae67a1227b875340a8582ff707f37b131df435b07080d3bb58e07f5f97807",
    "https://deno.land/std@0.221.0/encoding/base64url.ts": "9cc46cf510436be63ac00ebf97a7de1993e603ca58e1853b344bf90d80ea9945",
    "https://deno.land/std@0.221.0/fmt/colors.ts": "d239d84620b921ea520125d778947881f62c50e78deef2657073840b8af9559a",
    "https://deno.land/std@0.221.0/fs/exists.ts": "3d38cb7dcbca3cf313be343a7b8af18a87bddb4b5ca1bd2314be12d06533b50f",
    "https://deno.land/std@0.221.0/io/types.ts": "acecb3074c730b5ff487ba4fe9ce51e67bd982aa07c95e5f5679b7b2f24ad129",
    "https://deno.land/std@0.221.0/io/write_all.ts": "24aac2312bb21096ae3ae0b102b22c26164d3249dff96dbac130958aa736f038",
    "https://deno.land/std@0.221.0/log/_config.ts": "489e11b6d3c917bf5fc954c5e914c095d3480efd924d1e85f2fc576468581c54",
    "https://deno.land/std@0.221.0/log/_state.ts": "314c0c31ab9c8f4fb33326ad446757d35f75e5bb21746b7720ed4e3f3a939da1",
    "https://deno.land/std@0.221.0/log/base_handler.ts": "fd03a8e0c58ca49c52bf51df6f8fe4eabbeb11a2d966840f563bcdc150441442",
    "https://deno.land/std@0.221.0/log/console_handler.ts": "9a1e96b00b86d98e31def5439d27139efeaceb6fdfee567ee800eb90a5468442",
    "https://deno.land/std@0.221.0/log/critical.ts": "6eb2290dbe40e42bd8f936a5453d254f36e1e30a737cddfec541573b70bb7cd2",
    "https://deno.land/std@0.221.0/log/debug.ts": "8fd921996842aa19767d318a93848f800dad4d514bdc4fd36ebd0c0d9ff71414",
    "https://deno.land/std@0.221.0/log/error.ts": "41e86c437c4ee4310950838c8d50ac63e9ed4e34b65766db8027382914f230dd",
    "https://deno.land/std@0.221.0/log/file_handler.ts": "68d6d81ec53bdd6ba61eaceec19d12de59a8ad12ace0d7980a592a51f924a242",
    "https://deno.land/std@0.221.0/log/formatters.ts": "d3d07d5e1e160adee7b8f0b493ee9b98d621b65754f49d1891ae089af3641288",
    "https://deno.land/std@0.221.0/log/get_logger.ts": "9c153ea3642e7fdabad752f65211d0e147d1863a07aef5c28991bc1e89df042c",
    "https://deno.land/std@0.221.0/log/info.ts": "7343716d8d08d3f40ac07844c2b96df4538dfcc92755559ee2a5fac166752185",
    "https://deno.land/std@0.221.0/log/levels.ts": "632ba12baa2600750d004cc5cb4eabe10e410f3f2bdfcb9f7142b6d767f2fee6",
    "https://deno.land/std@0.221.0/log/logger.ts": "a7a21f53c59f0d16227373d04ea302277a8d5be278105d71afe85b3d7b12067f",
    "https://deno.land/std@0.221.0/log/mod.ts": "e4ad2e0925dbcb9047621e06560efe5285e3a589b56d5213d102f379c12a1c3e",
    "https://deno.land/std@0.221.0/log/rotating_file_handler.ts": "a6e7c712e568b618303273ff95483f6ab86dec0a485c73c2e399765f752b5aa8",
    "https://deno.land/std@0.221.0/log/setup.ts": "76142bb52b632452310760e99bb6637eeebd811144b8d2a3a07c72ce673e4365",
    "https://deno.land/std@0.221.0/log/warn.ts": "3984feabb641d9ca8ef8abb200e0d4ff4a1ba3aedaa4666e3e43333e762bdbf4",
    "https://deno.land/std@0.224.0/assert/assert.ts": "09d30564c09de846855b7b071e62b5974b001bb72a4b797958fe0660e7849834",
    "https://deno.land/std@0.224.0/assert/assertion_error.ts": "ba8752bd27ebc51f723702fac2f54d3e94447598f54264a6653d6413738a8917",
    "https://deno.land/std@0.224.0/fmt/colors.ts": "508563c0659dd7198ba4bbf87e97f654af3c34eb56ba790260f252ad8012e1c5",
    "https://deno.land/std@0.224.0/fs/exists.ts": "3d38cb7dcbca3cf313be343a7b8af18a87bddb4b5ca1bd2314be12d06533b50f",
    "https://deno.land/std@0.224.0/io/types.ts": "acecb3074c730b5ff487ba4fe9ce51e67bd982aa07c95e5f5679b7b2f24ad129",
    "https://deno.land/std@0.224.0/io/write_all.ts": "24aac2312bb21096ae3ae0b102b22c26164d3249dff96dbac130958aa736f038",
    "https://deno.land/std@0.224.0/log/_config.ts": "489e11b6d3c917bf5fc954c5e914c095d3480efd924d1e85f2fc576468581c54",
    "https://deno.land/std@0.224.0/log/_state.ts": "314c0c31ab9c8f4fb33326ad446757d35f75e5bb21746b7720ed4e3f3a939da1",
    "https://deno.land/std@0.224.0/log/base_handler.ts": "f03f013dac9c1a226aab60c6f5751b3131cc4f2808720715285e0dab5697a54e",
    "https://deno.land/std@0.224.0/log/console_handler.ts": "9b17b9025c7d94eab950a25eccca81fd9dd71d063b9f458f149e52db52ab0295",
    "https://deno.land/std@0.224.0/log/critical.ts": "a8b44a4c6768629d2a506ffe1a1a048da7ae76d3146000f8a492008eac4ecba0",
    "https://deno.land/std@0.224.0/log/debug.ts": "ddd63a549fedc3061deba47e41cd2170263831fc266e503a12b610b77439333b",
    "https://deno.land/std@0.224.0/log/error.ts": "3979ee3aadc962345ad50eff8a5470ad3fe07c70370808ddc178ee08c3d6c89c",
    "https://deno.land/std@0.224.0/log/file_handler.ts": "68d6d81ec53bdd6ba61eaceec19d12de59a8ad12ace0d7980a592a51f924a242",
    "https://deno.land/std@0.224.0/log/formatters.ts": "29e0325902c3b1cbb3b9ffc1f9d77ac2d2e5af35d27b9bdfe4fdbbd83588d4a8",
    "https://deno.land/std@0.224.0/log/get_logger.ts": "36a5febf5338f68aadafaf23bbe38a208e2a3150ec02ca2ec5d3c6bbaf840641",
    "https://deno.land/std@0.224.0/log/info.ts": "e6c4971e35092d85cd3241fe7eccdb42999083d14db6aadc5e741f6231e275ad",
    "https://deno.land/std@0.224.0/log/levels.ts": "632ba12baa2600750d004cc5cb4eabe10e410f3f2bdfcb9f7142b6d767f2fee6",
    "https://deno.land/std@0.224.0/log/logger.ts": "57109848fb587fb3843a7b893f22f1a86c1b78c289172627a6305906738f238a",
    "https://deno.land/std@0.224.0/log/mod.ts": "650c53c2c5d9eb05210c4ec54184ecb5bd24fb32ce28e65fad039853978f53f3",
    "https://deno.land/std@0.224.0/log/rotating_file_handler.ts": "a6e7c712e568b618303273ff95483f6ab86dec0a485c73c2e399765f752b5aa8",
    "https://deno.land/std@0.224.0/log/setup.ts": "42425c550da52c7def7f63a4fcc1ac01a4aec6c73336697a640978d6a324e7a6",
    "https://deno.land/std@0.224.0/log/warn.ts": "f1a6bc33a481f231a0257e6d66e26c2e695b931d5e917d8de4f2b825778dfd4e",
    "https://deno.land/x/bcrypt@v0.4.1/mod.ts": "ff09bdae282583cf5f7d87efe37ddcecef7f14f6d12e8b8066a3058db8c6c2f7",
    "https://deno.land/x/bcrypt@v0.4.1/src/bcrypt/base64.ts": "b8266450a4f1eb6960f60f2f7986afc4dde6b45bd2d7ee7ba10789e67e17b9f7",
    "https://deno.land/x/bcrypt@v0.4.1/src/bcrypt/bcrypt.ts": "ec221648cc6453ea5e3803bc817c01157dada06aa6f7a0ba6b9f87aae32b21e2",
    "https://deno.land/x/bcrypt@v0.4.1/src/main.ts": "08d201b289c8d9c46f8839c69cd6625b213863db29775c7a200afc3b540e64f8",
    "https://deno.land/x/bcrypt@v0.4.1/src/worker.ts": "5a73bdfee9c9e622f47c9733d374b627dce52fb3ec1e74c8226698b3fc57ffac",
    "https://deno.land/x/djwt@v3.0.2/algorithm.ts": "b1c6645f9dbd6e6c47c123a3b18c28b956f91c65ed17f5b6d5d968fc3750542b",
    "https://deno.land/x/djwt@v3.0.2/deps.ts": "a7954fe567f2097b4f6aca11d091b6df658e485a817ac4dee47257ed5c28fd6e",
    "https://deno.land/x/djwt@v3.0.2/mod.ts": "962d8f2c4d6a4db111f45d777b152356aec31ba7db0ca664601175a422629857",
    "https://deno.land/x/djwt@v3.0.2/signature.ts": "16238fbf558267c85dd6c0178045f006c8b914a7301db87149f3318326569272",
    "https://deno.land/x/djwt@v3.0.2/util.ts": "5cb264d2125c553678e11446bcfa0494025d120e3f59d0a3ab38f6800def697d",
    "https://deno.land/x/nanoid@v3.0.0/customAlphabet.ts": "1cfd7cfd2f07ca8d78a7e7855fcc9f59abf01ef2a127484ef94328fadf940ead",
    "https://deno.land/x/nanoid@v3.0.0/customRandom.ts": "af56e19038c891a4b4ef2be931554c27579bd407ee5bbea5cb64f6ee1347cbe3",
    "https://deno.land/x/nanoid@v3.0.0/mod.ts": "3ead610e40c58d8fdca21d5da9ec661445a2b82526e19c34d05de5f90be8a1be",
    "https://deno.land/x/nanoid@v3.0.0/nanoid.ts": "8d119bc89a0f34e7bbe0c2dbdc280d01753e431af553d189663492310a31085d",
    "https://deno.land/x/nanoid@v3.0.0/random.ts": "4da71d5f72f2bfcc6a4ee79b5d4e72f48dcf4fe4c3835fd5ebab08b9f33cd598",
    "https://deno.land/x/nanoid@v3.0.0/urlAlphabet.ts": "8b1511deb1ecb23c66202b6000dc10fb68f9a96b5550c6c8cef5009324793431"
  },
  "workspace": {
    "dependencies": [
      "jsr:@db/sqlite@^0.11.1",
      "jsr:@oak/oak@^16.1.0",
      "jsr:@std/async@^0.224.2"
    ]
  }
}
